
Microsoft Visual Studio Solution File, Format Version 12.00
# Visual Studio Version 17
VisualStudioVersion = 17.3.32929.385
MinimumVisualStudioVersion = 10.0.40219.1
Project("{FAE04EC0-301F-11D3-BF4B-00C04F79EFBC}") = "assignment1", "assignment1.csproj", "{ADD2AF8A-ADF6-4372-A1A9-58D4A6FE2E32}"
EndProject
Global
	GlobalSection(SolutionConfigurationPlatforms) = preSolution
		Debug|Any CPU = Debug|Any CPU
		Release|Any CPU = Release|Any CPU
	EndGlobalSection
	GlobalSection(ProjectConfigurationPlatforms) = postSolution
		{ADD2AF8A-ADF6-4372-A1A9-58D4A6FE2E32}.Debug|Any CPU.ActiveCfg = Debug|Any CPU
		{ADD2AF8A-ADF6-4372-A1A9-58D4A6FE2E32}.Debug|Any CPU.Build.0 = Debug|Any CPU
		{ADD2AF8A-ADF6-4372-A1A9-58D4A6FE2E32}.Release|Any CPU.ActiveCfg = Release|Any CPU
		{ADD2AF8A-ADF6-4372-A1A9-58D4A6FE2E32}.Release|Any CPU.Build.0 = Release|Any CPU
	EndGlobalSection
	GlobalSection(SolutionProperties) = preSolution
		HideSolutionNode = FALSE
	EndGlobalSection
	GlobalSection(ExtensibilityGlobals) = postSolution
		SolutionGuid = {C6CEF887-1AB5-41AE-B10B-CC87147791A0}
	EndGlobalSection
EndGlobal
